
Microsoft Visual Studio Solution File, Format Version 12.00
# Visual Studio Version 17
VisualStudioVersion = 17.8.34525.116
MinimumVisualStudioVersion = 10.0.40219.1
Project("{FAE04EC0-301F-11D3-BF4B-00C04F79EFBC}") = "Mooveez.Core", "Mooveez.Core\Mooveez.Core.csproj", "{5B1D5EA2-4525-459A-8AB1-43B6794A2B6E}"
EndProject
Project("{FAE04EC0-301F-11D3-BF4B-00C04F79EFBC}") = "Mooveez.Api", "Mooveez.Api\Mooveez.Api.csproj", "{8B4E7395-1912-4249-B8DF-9469C7264E03}"
EndProject
Global
	GlobalSection(SolutionConfigurationPlatforms) = preSolution
		Debug|Any CPU = Debug|Any CPU
		Release|Any CPU = Release|Any CPU
	EndGlobalSection
	GlobalSection(ProjectConfigurationPlatforms) = postSolution
		{5B1D5EA2-4525-459A-8AB1-43B6794A2B6E}.Debug|Any CPU.ActiveCfg = Debug|Any CPU
		{5B1D5EA2-4525-459A-8AB1-43B6794A2B6E}.Debug|Any CPU.Build.0 = Debug|Any CPU
		{5B1D5EA2-4525-459A-8AB1-43B6794A2B6E}.Release|Any CPU.ActiveCfg = Release|Any CPU
		{5B1D5EA2-4525-459A-8AB1-43B6794A2B6E}.Release|Any CPU.Build.0 = Release|Any CPU
		{8B4E7395-1912-4249-B8DF-9469C7264E03}.Debug|Any CPU.ActiveCfg = Debug|Any CPU
		{8B4E7395-1912-4249-B8DF-9469C7264E03}.Debug|Any CPU.Build.0 = Debug|Any CPU
		{8B4E7395-1912-4249-B8DF-9469C7264E03}.Release|Any CPU.ActiveCfg = Release|Any CPU
		{8B4E7395-1912-4249-B8DF-9469C7264E03}.Release|Any CPU.Build.0 = Release|Any CPU
	EndGlobalSection
	GlobalSection(SolutionProperties) = preSolution
		HideSolutionNode = FALSE
	EndGlobalSection
	GlobalSection(ExtensibilityGlobals) = postSolution
		SolutionGuid = {7575DFDC-E2DA-4BA2-BA1A-51EC4C7CDF04}
	EndGlobalSection
EndGlobal
